
Microsoft Visual Studio Solution File, Format Version 12.00
# Visual Studio Version 17
VisualStudioVersion = 17.7.34018.315
MinimumVisualStudioVersion = 10.0.40219.1
Project("{9A19103F-16F7-4668-BE54-9A1E7A4F7556}") = "Flights", "Flights.csproj", "{9CD6979F-1370-4D5C-AD30-A4B57EE6138F}"
EndProject
Global
	GlobalSection(SolutionConfigurationPlatforms) = preSolution
		Debug|Any CPU = Debug|Any CPU
		Release|Any CPU = Release|Any CPU
	EndGlobalSection
	GlobalSection(ProjectConfigurationPlatforms) = postSolution
		{9CD6979F-1370-4D5C-AD30-A4B57EE6138F}.Debug|Any CPU.ActiveCfg = Debug|Any CPU
		{9CD6979F-1370-4D5C-AD30-A4B57EE6138F}.Debug|Any CPU.Build.0 = Debug|Any CPU
		{9CD6979F-1370-4D5C-AD30-A4B57EE6138F}.Release|Any CPU.ActiveCfg = Release|Any CPU
		{9CD6979F-1370-4D5C-AD30-A4B57EE6138F}.Release|Any CPU.Build.0 = Release|Any CPU
	EndGlobalSection
	GlobalSection(SolutionProperties) = preSolution
		HideSolutionNode = FALSE
	EndGlobalSection
	GlobalSection(ExtensibilityGlobals) = postSolution
		SolutionGuid = {00FD9673-E789-449E-BD58-72C289AF54FD}
	EndGlobalSection
EndGlobal
